
Microsoft Visual Studio Solution File, Format Version 12.00
# Visual Studio Version 17
VisualStudioVersion = 17.12.35323.107
MinimumVisualStudioVersion = 10.0.40219.1
Project("{FAE04EC0-301F-11D3-BF4B-00C04F79EFBC}") = "DUONGTRUNGTHUC_QLSV", "DUONGTRUNGTHUC_QLSV\DUONGTRUNGTHUC_QLSV.csproj", "{CBB8139C-0AB2-4F89-8BA6-D860FFDB778F}"
EndProject
Global
	GlobalSection(SolutionConfigurationPlatforms) = preSolution
		Debug|Any CPU = Debug|Any CPU
		Release|Any CPU = Release|Any CPU
	EndGlobalSection
	GlobalSection(ProjectConfigurationPlatforms) = postSolution
		{CBB8139C-0AB2-4F89-8BA6-D860FFDB778F}.Debug|Any CPU.ActiveCfg = Debug|Any CPU
		{CBB8139C-0AB2-4F89-8BA6-D860FFDB778F}.Debug|Any CPU.Build.0 = Debug|Any CPU
		{CBB8139C-0AB2-4F89-8BA6-D860FFDB778F}.Release|Any CPU.ActiveCfg = Release|Any CPU
		{CBB8139C-0AB2-4F89-8BA6-D860FFDB778F}.Release|Any CPU.Build.0 = Release|Any CPU
	EndGlobalSection
	GlobalSection(SolutionProperties) = preSolution
		HideSolutionNode = FALSE
	EndGlobalSection
	GlobalSection(ExtensibilityGlobals) = postSolution
		SolutionGuid = {CCEE5524-C187-4891-9ABF-BC6520AF4F02}
	EndGlobalSection
EndGlobal
